PODS:
  - Alamofire (4.7.3)
  - Realm (3.10.0):
    - Realm/Headers (= 3.10.0)
  - Realm/Headers (3.10.0)
  - RealmSwift (3.10.0):
    - Realm (= 3.10.0)
  - RxAlamofire (4.3.0):
    - RxAlamofire/Core (= 4.3.0)
  - RxAlamofire/Core (4.3.0):
    - Alamofire (~> 4.5)
    - RxSwift (~> 4)
  - RxSwift (4.3.1)
  - Swinject (2.5.0)

DEPENDENCIES:
  - Alamofire (~> 4.7)
  - RealmSwift
  - RxAlamofire
  - Swinject

SPEC CHECKSUMS:
  Alamofire: c7287b6e5d7da964a70935e5db17046b7fde6568
  Realm: 85ab9e4f779d66f6e9ffeb118dc25b7f130c96ac
  RealmSwift: 69121c8b86d0ae005fb779efdb10e606732e1c74
  RxAlamofire: 09624d0f2d48ed8b686e4eb4cf68e28cbd2df556
  RxSwift: fe0fd770a43acdb7d0a53da411c9b892e69bb6e4
  Swinject: 82cdb851f63f91bba974e3eca1d69780f2f7677e

PODFILE CHECKSUM: 16e4102ec19f3d081ca65ffed48bdf746c5712e0

COCOAPODS: 1.4.0
